// !$*UTF8*$!
{
	archiveVersion = 1;
	classes = {
	};
	objectVersion = 50;
	objects = {

/* Begin PBXBuildFile section */
		3C22120521533D0200893B6C /* RWNGCDTime.m in Sources */ = {isa = PBXBuildFile; fileRef = 3C22120421533D0200893B6C /* RWNGCDTime.m */; };
		3C221208215347D400893B6C /* SecondViewController.m in Sources */ = {isa = PBXBuildFile; fileRef = 3C221207215347D400893B6C /* SecondViewController.m */; };
		3C9BA5392150FACF00B8D615 /* AppDelegate.m in Sources */ = {isa = PBXBuildFile; fileRef = 3C9BA5382150FACF00B8D615 /* AppDelegate.m */; };
		3C9BA53C2150FACF00B8D615 /* ViewController.m in Sources */ = {isa = PBXBuildFile; fileRef = 3C9BA53B2150FACF00B8D615 /* ViewController.m */; };
		3C9BA53F2150FACF00B8D615 /* Main.storyboard in Resources */ = {isa = PBXBuildFile; fileRef = 3C9BA53D2150FACF00B8D615 /* Main.storyboard */; };
		3C9BA5412150FAD000B8D615 /* Assets.xcassets in Resources */ = {isa = PBXBuildFile; fileRef = 3C9BA5402150FAD000B8D615 /* Assets.xcassets */; };
		3C9BA5442150FAD000B8D615 /* LaunchScreen.storyboard in Resources */ = {isa = PBXBuildFile; fileRef = 3C9BA5422150FAD000B8D615 /* LaunchScreen.storyboard */; };
		3C9BA5472150FAD000B8D615 /* main.m in Sources */ = {isa = PBXBuildFile; fileRef = 3C9BA5462150FAD000B8D615 /* main.m */; };
		3CC1172121522EAA00BC7FD2 /* libmp3lame.a in Frameworks */ = {isa = PBXBuildFile; fileRef = 3CC1171F21522EAA00BC7FD2 /* libmp3lame.a */; };
		3CC1172A2152459C00BC7FD2 /* RWNAudioRecorderView.m in Sources */ = {isa = PBXBuildFile; fileRef = 3CC117292152459C00BC7FD2 /* RWNAudioRecorderView.m */; };
/* End PBXBuildFile section */

/* Begin PBXFileReference section */
		3C22120321533D0200893B6C /* RWNGCDTime.h */ = {isa = PBXFileReference; fileEncoding = 4; lastKnownFileType = sourcecode.c.h; path = RWNGCDTime.h; sourceTree = "<group>"; };
		3C22120421533D0200893B6C /* RWNGCDTime.m */ = {isa = PBXFileReference; fileEncoding = 4; lastKnownFileType = sourcecode.c.objc; path = RWNGCDTime.m; sourceTree = "<group>"; };
		3C221206215347D400893B6C /* SecondViewController.h */ = {isa = PBXFileReference; lastKnownFileType = sourcecode.c.h; path = SecondViewController.h; sourceTree = "<group>"; };
		3C221207215347D400893B6C /* SecondViewController.m */ = {isa = PBXFileReference; lastKnownFileType = sourcecode.c.objc; path = SecondViewController.m; sourceTree = "<group>"; };
		3C9BA5342150FACF00B8D615 /* RecordVoice.app */ = {isa = PBXFileReference; explicitFileType = wrapper.application; includeInIndex = 0; path = RecordVoice.app; sourceTree = BUILT_PRODUCTS_DIR; };
		3C9BA5372150FACF00B8D615 /* AppDelegate.h */ = {isa = PBXFileReference; lastKnownFileType = sourcecode.c.h; path = AppDelegate.h; sourceTree = "<group>"; };
		3C9BA5382150FACF00B8D615 /* AppDelegate.m */ = {isa = PBXFileReference; lastKnownFileType = sourcecode.c.objc; path = AppDelegate.m; sourceTree = "<group>"; };
		3C9BA53A2150FACF00B8D615 /* ViewController.h */ = {isa = PBXFileReference; lastKnownFileType = sourcecode.c.h; path = ViewController.h; sourceTree = "<group>"; };
		3C9BA53B2150FACF00B8D615 /* ViewController.m */ = {isa = PBXFileReference; lastKnownFileType = sourcecode.c.objc; path = ViewController.m; sourceTree = "<group>"; };
		3C9BA53E2150FACF00B8D615 /* Base */ = {isa = PBXFileReference; lastKnownFileType = file.storyboard; name = Base; path = Base.lproj/Main.storyboard; sourceTree = "<group>"; };
		3C9BA5402150FAD000B8D615 /* Assets.xcassets */ = {isa = PBXFileReference; lastKnownFileType = folder.assetcatalog; path = Assets.xcassets; sourceTree = "<group>"; };
		3C9BA5432150FAD000B8D615 /* Base */ = {isa = PBXFileReference; lastKnownFileType = file.storyboard; name = Base; path = Base.lproj/LaunchScreen.storyboard; sourceTree = "<group>"; };
		3C9BA5452150FAD000B8D615 /* Info.plist */ = {isa = PBXFileReference; lastKnownFileType = text.plist.xml; path = Info.plist; sourceTree = "<group>"; };
		3C9BA5462150FAD000B8D615 /* main.m */ = {isa = PBXFileReference; lastKnownFileType = sourcecode.c.objc; path = main.m; sourceTree = "<group>"; };
		3CC1171F21522EAA00BC7FD2 /* libmp3lame.a */ = {isa = PBXFileReference; lastKnownFileType = archive.ar; path = libmp3lame.a; sourceTree = "<group>"; };
		3CC1172021522EAA00BC7FD2 /* lame.h */ = {isa = PBXFileReference; fileEncoding = 4; lastKnownFileType = sourcecode.c.h; path = lame.h; sourceTree = "<group>"; };
		3CC117282152459C00BC7FD2 /* RWNAudioRecorderView.h */ = {isa = PBXFileReference; lastKnownFileType = sourcecode.c.h; path = RWNAudioRecorderView.h; sourceTree = "<group>"; };
		3CC117292152459C00BC7FD2 /* RWNAudioRecorderView.m */ = {isa = PBXFileReference; lastKnownFileType = sourcecode.c.objc; path = RWNAudioRecorderView.m; sourceTree = "<group>"; };
/* End PBXFileReference section */

/* Begin PBXFrameworksBuildPhase section */
		3C9BA5312150FACF00B8D615 /* Frameworks */ = {
			isa = PBXFrameworksBuildPhase;
			buildActionMask = 2147483647;
			files = (
				3CC1172121522EAA00BC7FD2 /* libmp3lame.a in Frameworks */,
			);
			runOnlyForDeploymentPostprocessing = 0;
		};
/* End PBXFrameworksBuildPhase section */

/* Begin PBXGroup section */
		3C9BA52B2150FACF00B8D615 = {
			isa = PBXGroup;
			children = (
				3C9BA5362150FACF00B8D615 /* RecordVoice */,
				3C9BA5352150FACF00B8D615 /* Products */,
			);
			sourceTree = "<group>";
		};
		3C9BA5352150FACF00B8D615 /* Products */ = {
			isa = PBXGroup;
			children = (
				3C9BA5342150FACF00B8D615 /* RecordVoice.app */,
			);
			name = Products;
			sourceTree = "<group>";
		};
		3C9BA5362150FACF00B8D615 /* RecordVoice */ = {
			isa = PBXGroup;
			children = (
				3CC1171E21522EAA00BC7FD2 /* lame */,
				3C9BA5372150FACF00B8D615 /* AppDelegate.h */,
				3C9BA5382150FACF00B8D615 /* AppDelegate.m */,
				3C9BA53A2150FACF00B8D615 /* ViewController.h */,
				3C9BA53B2150FACF00B8D615 /* ViewController.m */,
				3C221206215347D400893B6C /* SecondViewController.h */,
				3C221207215347D400893B6C /* SecondViewController.m */,
				3C9BA53D2150FACF00B8D615 /* Main.storyboard */,
				3C9BA5402150FAD000B8D615 /* Assets.xcassets */,
				3C9BA5422150FAD000B8D615 /* LaunchScreen.storyboard */,
				3C9BA5452150FAD000B8D615 /* Info.plist */,
				3C9BA5462150FAD000B8D615 /* main.m */,
				3CC117282152459C00BC7FD2 /* RWNAudioRecorderView.h */,
				3CC117292152459C00BC7FD2 /* RWNAudioRecorderView.m */,
				3C22120321533D0200893B6C /* RWNGCDTime.h */,
				3C22120421533D0200893B6C /* RWNGCDTime.m */,
			);
			path = RecordVoice;
			sourceTree = "<group>";
		};
		3CC1171E21522EAA00BC7FD2 /* lame */ = {
			isa = PBXGroup;
			children = (
				3CC1171F21522EAA00BC7FD2 /* libmp3lame.a */,
				3CC1172021522EAA00BC7FD2 /* lame.h */,
			);
			path = lame;
			sourceTree = "<group>";
		};
/* End PBXGroup section */

/* Begin PBXNativeTarget section */
		3C9BA5332150FACF00B8D615 /* RecordVoice */ = {
			isa = PBXNativeTarget;
			buildConfigurationList = 3C9BA54A2150FAD000B8D615 /* Build configuration list for PBXNativeTarget "RecordVoice" */;
			buildPhases = (
				3C9BA5302150FACF00B8D615 /* Sources */,
				3C9BA5312150FACF00B8D615 /* Frameworks */,
				3C9BA5322150FACF00B8D615 /* Resources */,
			);
			buildRules = (
			);
			dependencies = (
			);
			name = RecordVoice;
			productName = RecordVoice;
			productReference = 3C9BA5342150FACF00B8D615 /* RecordVoice.app */;
			productType = "com.apple.product-type.application";
		};
/* End PBXNativeTarget section */

/* Begin PBXProject section */
		3C9BA52C2150FACF00B8D615 /* Project object */ = {
			isa = PBXProject;
			attributes = {
				LastUpgradeCheck = 1000;
				ORGANIZATIONNAME = RWN;
				TargetAttributes = {
					3C9BA5332150FACF00B8D615 = {
						CreatedOnToolsVersion = 10.0;
					};
				};
			};
			buildConfigurationList = 3C9BA52F2150FACF00B8D615 /* Build configuration list for PBXProject "RecordVoice" */;
			compatibilityVersion = "Xcode 9.3";
			developmentRegion = en;
			hasScannedForEncodings = 0;
			knownRegions = (
				en,
				Base,
			);
			mainGroup = 3C9BA52B2150FACF00B8D615;
			productRefGroup = 3C9BA5352150FACF00B8D615 /* Products */;
			projectDirPath = "";
			projectRoot = "";
			targets = (
				3C9BA5332150FACF00B8D615 /* RecordVoice */,
			);
		};
/* End PBXProject section */

/* Begin PBXResourcesBuildPhase section */
		3C9BA5322150FACF00B8D615 /* Resources */ = {
			isa = PBXResourcesBuildPhase;
			buildActionMask = 2147483647;
			files = (
				3C9BA5442150FAD000B8D615 /* LaunchScreen.storyboard in Resources */,
				3C9BA5412150FAD000B8D615 /* Assets.xcassets in Resources */,
				3C9BA53F2150FACF00B8D615 /* Main.storyboard in Resources */,
			);
			runOnlyForDeploymentPostprocessing = 0;
		};
/* End PBXResourcesBuildPhase section */

/* Begin PBXSourcesBuildPhase section */
		3C9BA5302150FACF00B8D615 /* Sources */ = {
			isa = PBXSourcesBuildPhase;
			buildActionMask = 2147483647;
			files = (
				3C221208215347D400893B6C /* SecondViewController.m in Sources */,
				3CC1172A2152459C00BC7FD2 /* RWNAudioRecorderView.m in Sources */,
				3C9BA53C2150FACF00B8D615 /* ViewController.m in Sources */,
				3C22120521533D0200893B6C /* RWNGCDTime.m in Sources */,
				3C9BA5472150FAD000B8D615 /* main.m in Sources */,
				3C9BA5392150FACF00B8D615 /* AppDelegate.m in Sources */,
			);
			runOnlyForDeploymentPostprocessing = 0;
		};
/* End PBXSourcesBuildPhase section */

/* Begin PBXVariantGroup section */
		3C9BA53D2150FACF00B8D615 /* Main.storyboard */ = {
			isa = PBXVariantGroup;
			children = (
				3C9BA53E2150FACF00B8D615 /* Base */,
			);
			name = Main.storyboard;
			sourceTree = "<group>";
		};
		3C9BA5422150FAD000B8D615 /* LaunchScreen.storyboard */ = {
			isa = PBXVariantGroup;
			children = (
				3C9BA5432150FAD000B8D615 /* Base */,
			);
			name = LaunchScreen.storyboard;
			sourceTree = "<group>";
		};
/* End PBXVariantGroup section */

/* Begin XCBuildConfiguration section */
		3C9BA5482150FAD000B8D615 /* Debug */ = {
			isa = XCBuildConfiguration;
			buildSettings = {
				ALWAYS_SEARCH_USER_PATHS = NO;
				CLANG_ANALYZER_NONNULL = YES;
				CLANG_ANALYZER_NUMBER_OBJECT_CONVERSION = YES_AGGRESSIVE;
				CLANG_CXX_LANGUAGE_STANDARD = "gnu++14";
				CLANG_CXX_LIBRARY = "libc++";
				CLANG_ENABLE_MODULES = YES;
				CLANG_ENABLE_OBJC_ARC = YES;
				CLANG_ENABLE_OBJC_WEAK = YES;
				CLANG_WARN_BLOCK_CAPTURE_AUTORELEASING = YES;
				CLANG_WARN_BOOL_CONVERSION = YES;
				CLANG_WARN_COMMA = YES;
				CLANG_WARN_CONSTANT_CONVERSION = YES;
				CLANG_WARN_DEPRECATED_OBJC_IMPLEMENTATIONS = YES;
				CLANG_WARN_DIRECT_OBJC_ISA_USAGE = YES_ERROR;
				CLANG_WARN_DOCUMENTATION_COMMENTS = YES;
				CLANG_WARN_EMPTY_BODY = YES;
				CLANG_WARN_ENUM_CONVERSION = YES;
				CLANG_WARN_INFINITE_RECURSION = YES;
				CLANG_WARN_INT_CONVERSION = YES;
				CLANG_WARN_NON_LITERAL_NULL_CONVERSION = YES;
				CLANG_WARN_OBJC_IMPLICIT_RETAIN_SELF = YES;
				CLANG_WARN_OBJC_LITERAL_CONVERSION = YES;
				CLANG_WARN_OBJC_ROOT_CLASS = YES_ERROR;
				CLANG_WARN_RANGE_LOOP_ANALYSIS = YES;
				CLANG_WARN_STRICT_PROTOTYPES = YES;
				CLANG_WARN_SUSPICIOUS_MOVE = YES;
				CLANG_WARN_UNGUARDED_AVAILABILITY = YES_AGGRESSIVE;
				CLANG_WARN_UNREACHABLE_CODE = YES;
				CLANG_WARN__DUPLICATE_METHOD_MATCH = YES;
				CODE_SIGN_IDENTITY = "iPhone Developer";
				COPY_PHASE_STRIP = NO;
				DEBUG_INFORMATION_FORMAT = dwarf;
				ENABLE_STRICT_OBJC_MSGSEND = YES;
				ENABLE_TESTABILITY = YES;
				GCC_C_LANGUAGE_STANDARD = gnu11;
				GCC_DYNAMIC_NO_PIC = NO;
				GCC_NO_COMMON_BLOCKS = YES;
				GCC_OPTIMIZATION_LEVEL = 0;
				GCC_PREPROCESSOR_DEFINITIONS = (
					"DEBUG=1",
					"$(inherited)",
				);
				GCC_WARN_64_TO_32_BIT_CONVERSION = YES;
				GCC_WARN_ABOUT_RETURN_TYPE = YES_ERROR;
				GCC_WARN_UNDECLARED_SELECTOR = YES;
				GCC_WARN_UNINITIALIZED_AUTOS = YES_AGGRESSIVE;
				GCC_WARN_UNUSED_FUNCTION = YES;
				GCC_WARN_UNUSED_VARIABLE = YES;
				IPHONEOS_DEPLOYMENT_TARGET = 12.0;
				MTL_ENABLE_DEBUG_INFO = INCLUDE_SOURCE;
				MTL_FAST_MATH = YES;
				ONLY_ACTIVE_ARCH = YES;
				SDKROOT = iphoneos;
			};
			name = Debug;
		};
		3C9BA5492150FAD000B8D615 /* Release */ = {
			isa = XCBuildConfiguration;
			buildSettings = {
				ALWAYS_SEARCH_USER_PATHS = NO;
				CLANG_ANALYZER_NONNULL = YES;
				CLANG_ANALYZER_NUMBER_OBJECT_CONVERSION = YES_AGGRESSIVE;
				CLANG_CXX_LANGUAGE_STANDARD = "gnu++14";
				CLANG_CXX_LIBRARY = "libc++";
				CLANG_ENABLE_MODULES = YES;
				CLANG_ENABLE_OBJC_ARC = YES;
				CLANG_ENABLE_OBJC_WEAK = YES;
				CLANG_WARN_BLOCK_CAPTURE_AUTORELEASING = YES;
				CLANG_WARN_BOOL_CONVERSION = YES;
				CLANG_WARN_COMMA = YES;
				CLANG_WARN_CONSTANT_CONVERSION = YES;
				CLANG_WARN_DEPRECATED_OBJC_IMPLEMENTATIONS = YES;
				CLANG_WARN_DIRECT_OBJC_ISA_USAGE = YES_ERROR;
				CLANG_WARN_DOCUMENTATION_COMMENTS = YES;
				CLANG_WARN_EMPTY_BODY = YES;
				CLANG_WARN_ENUM_CONVERSION = YES;
				CLANG_WARN_INFINITE_RECURSION = YES;
				CLANG_WARN_INT_CONVERSION = YES;
				CLANG_WARN_NON_LITERAL_NULL_CONVERSION = YES;
				CLANG_WARN_OBJC_IMPLICIT_RETAIN_SELF = YES;
				CLANG_WARN_OBJC_LITERAL_CONVERSION = YES;
				CLANG_WARN_OBJC_ROOT_CLASS = YES_ERROR;
				CLANG_WARN_RANGE_LOOP_ANALYSIS = YES;
				CLANG_WARN_STRICT_PROTOTYPES = YES;
				CLANG_WARN_SUSPICIOUS_MOVE = YES;
				CLANG_WARN_UNGUARDED_AVAILABILITY = YES_AGGRESSIVE;
				CLANG_WARN_UNREACHABLE_CODE = YES;
				CLANG_WARN__DUPLICATE_METHOD_MATCH = YES;
				CODE_SIGN_IDENTITY = "iPhone Developer";
				COPY_PHASE_STRIP = NO;
				DEBUG_INFORMATION_FORMAT = "dwarf-with-dsym";
				ENABLE_NS_ASSERTIONS = NO;
				ENABLE_STRICT_OBJC_MSGSEND = YES;
				GCC_C_LANGUAGE_STANDARD = gnu11;
				GCC_NO_COMMON_BLOCKS = YES;
				GCC_WARN_64_TO_32_BIT_CONVERSION = YES;
				GCC_WARN_ABOUT_RETURN_TYPE = YES_ERROR;
				GCC_WARN_UNDECLARED_SELECTOR = YES;
				GCC_WARN_UNINITIALIZED_AUTOS = YES_AGGRESSIVE;
				GCC_WARN_UNUSED_FUNCTION = YES;
				GCC_WARN_UNUSED_VARIABLE = YES;
				IPHONEOS_DEPLOYMENT_TARGET = 12.0;
				MTL_ENABLE_DEBUG_INFO = NO;
				MTL_FAST_MATH = YES;
				SDKROOT = iphoneos;
				VALIDATE_PRODUCT = YES;
			};
			name = Release;
		};
		3C9BA54B2150FAD000B8D615 /* Debug */ = {
			isa = XCBuildConfiguration;
			buildSettings = {
				ASSETCATALOG_COMPILER_APPICON_NAME = AppIcon;
				CODE_SIGN_STYLE = Automatic;
				DEVELOPMENT_TEAM = 22F7KC67T3;
				ENABLE_BITCODE = NO;
				INFOPLIST_FILE = RecordVoice/Info.plist;
				IPHONEOS_DEPLOYMENT_TARGET = 8.0;
				LD_RUNPATH_SEARCH_PATHS = (
					"$(inherited)",
					"@executable_path/Frameworks",
				);
				LIBRARY_SEARCH_PATHS = (
					"$(inherited)",
					"$(PROJECT_DIR)/RecordVoice/lame",
				);
				PRODUCT_BUNDLE_IDENTIFIER = RWN.RecordVoice;
				PRODUCT_NAME = "$(TARGET_NAME)";
				TARGETED_DEVICE_FAMILY = "1,2";
			};
			name = Debug;
		};
		3C9BA54C2150FAD000B8D615 /* Release */ = {
			isa = XCBuildConfiguration;
			buildSettings = {
				ASSETCATALOG_COMPILER_APPICON_NAME = AppIcon;
				CODE_SIGN_STYLE = Automatic;
				DEVELOPMENT_TEAM = 22F7KC67T3;
				ENABLE_BITCODE = NO;
				INFOPLIST_FILE = RecordVoice/Info.plist;
				IPHONEOS_DEPLOYMENT_TARGET = 8.0;
				LD_RUNPATH_SEARCH_PATHS = (
					"$(inherited)",
					"@executable_path/Frameworks",
				);
				LIBRARY_SEARCH_PATHS = (
					"$(inherited)",
					"$(PROJECT_DIR)/RecordVoice/lame",
				);
				PRODUCT_BUNDLE_IDENTIFIER = RWN.RecordVoice;
				PRODUCT_NAME = "$(TARGET_NAME)";
				TARGETED_DEVICE_FAMILY = "1,2";
			};
			name = Release;
		};
/* End XCBuildConfiguration section */

/* Begin XCConfigurationList section */
		3C9BA52F2150FACF00B8D615 /* Build configuration list for PBXProject "RecordVoice" */ = {
			isa = XCConfigurationList;
			buildConfigurations = (
				3C9BA5482150FAD000B8D615 /* Debug */,
				3C9BA5492150FAD000B8D615 /* Release */,
			);
			defaultConfigurationIsVisible = 0;
			defaultConfigurationName = Release;
		};
		3C9BA54A2150FAD000B8D615 /* Build configuration list for PBXNativeTarget "RecordVoice" */ = {
			isa = XCConfigurationList;
			buildConfigurations = (
				3C9BA54B2150FAD000B8D615 /* Debug */,
				3C9BA54C2150FAD000B8D615 /* Release */,
			);
			defaultConfigurationIsVisible = 0;
			defaultConfigurationName = Release;
		};
/* End XCConfigurationList section */
	};
	rootObject = 3C9BA52C2150FACF00B8D615 /* Project object */;
}
